
Microsoft Visual Studio Solution File, Format Version 12.00
# Visual Studio Version 16
VisualStudioVersion = 16.0.30413.136
MinimumVisualStudioVersion = 10.0.40219.1
Project("{FAE04EC0-301F-11D3-BF4B-00C04F79EFBC}") = "WATCHOUT_DESKTOP", "WATCHOUT_DESKTOP\WATCHOUT_DESKTOP.csproj", "{B16E926F-30B8-4A00-8AEF-AD3917AFCD0B}"
EndProject
Global
	GlobalSection(SolutionConfigurationPlatforms) = preSolution
		Debug|Any CPU = Debug|Any CPU
		Release|Any CPU = Release|Any CPU
	EndGlobalSection
	GlobalSection(ProjectConfigurationPlatforms) = postSolution
		{B16E926F-30B8-4A00-8AEF-AD3917AFCD0B}.Debug|Any CPU.ActiveCfg = Debug|Any CPU
		{B16E926F-30B8-4A00-8AEF-AD3917AFCD0B}.Debug|Any CPU.Build.0 = Debug|Any CPU
		{B16E926F-30B8-4A00-8AEF-AD3917AFCD0B}.Release|Any CPU.ActiveCfg = Release|Any CPU
		{B16E926F-30B8-4A00-8AEF-AD3917AFCD0B}.Release|Any CPU.Build.0 = Release|Any CPU
	EndGlobalSection
	GlobalSection(SolutionProperties) = preSolution
		HideSolutionNode = FALSE
	EndGlobalSection
	GlobalSection(ExtensibilityGlobals) = postSolution
		SolutionGuid = {1417BEFE-7944-4CD3-95CD-6808CD8D0EB4}
	EndGlobalSection
EndGlobal
